
Microsoft Visual Studio Solution File, Format Version 12.00
# Visual Studio Version 17
VisualStudioVersion = 17.4.33213.308
MinimumVisualStudioVersion = 10.0.40219.1
Project("{9A19103F-16F7-4668-BE54-9A1E7A4F7556}") = "Sprint5-BeanTeam", "Sprint5-BeanTeam.csproj", "{9413E3C7-377F-4CEA-8C8C-D31DFE81731A}"
EndProject
Global
	GlobalSection(SolutionConfigurationPlatforms) = preSolution
		Debug|Any CPU = Debug|Any CPU
		Release|Any CPU = Release|Any CPU
	EndGlobalSection
	GlobalSection(ProjectConfigurationPlatforms) = postSolution
		{9413E3C7-377F-4CEA-8C8C-D31DFE81731A}.Debug|Any CPU.ActiveCfg = Debug|Any CPU
		{9413E3C7-377F-4CEA-8C8C-D31DFE81731A}.Debug|Any CPU.Build.0 = Debug|Any CPU
		{9413E3C7-377F-4CEA-8C8C-D31DFE81731A}.Release|Any CPU.ActiveCfg = Release|Any CPU
		{9413E3C7-377F-4CEA-8C8C-D31DFE81731A}.Release|Any CPU.Build.0 = Release|Any CPU
	EndGlobalSection
	GlobalSection(SolutionProperties) = preSolution
		HideSolutionNode = FALSE
	EndGlobalSection
	GlobalSection(ExtensibilityGlobals) = postSolution
		SolutionGuid = {226FE85F-969C-493E-86A0-B0105AFEEDCA}
	EndGlobalSection
EndGlobal
